
Microsoft Visual Studio Solution File, Format Version 12.00
# Visual Studio Version 17
VisualStudioVersion = 17.2.32516.85
MinimumVisualStudioVersion = 10.0.40219.1
Project("{FAE04EC0-301F-11D3-BF4B-00C04F79EFBC}") = "ClothesShopNikita", "ClothesShopNikita\ClothesShopNikita.csproj", "{55C79167-DA22-43BD-904E-C7A81299C885}"
EndProject
Global
	GlobalSection(SolutionConfigurationPlatforms) = preSolution
		Debug|Any CPU = Debug|Any CPU
		Release|Any CPU = Release|Any CPU
	EndGlobalSection
	GlobalSection(ProjectConfigurationPlatforms) = postSolution
		{55C79167-DA22-43BD-904E-C7A81299C885}.Debug|Any CPU.ActiveCfg = Debug|Any CPU
		{55C79167-DA22-43BD-904E-C7A81299C885}.Debug|Any CPU.Build.0 = Debug|Any CPU
		{55C79167-DA22-43BD-904E-C7A81299C885}.Release|Any CPU.ActiveCfg = Release|Any CPU
		{55C79167-DA22-43BD-904E-C7A81299C885}.Release|Any CPU.Build.0 = Release|Any CPU
	EndGlobalSection
	GlobalSection(SolutionProperties) = preSolution
		HideSolutionNode = FALSE
	EndGlobalSection
	GlobalSection(ExtensibilityGlobals) = postSolution
		SolutionGuid = {F865E594-8648-49FB-8F81-8A6C64B99410}
	EndGlobalSection
EndGlobal
